
Microsoft Visual Studio Solution File, Format Version 12.00
# Visual Studio Version 16
VisualStudioVersion = 16.0.30711.63
MinimumVisualStudioVersion = 10.0.40219.1
Project("{FAE04EC0-301F-11D3-BF4B-00C04F79EFBC}") = "Example-02.Application", "Example-02.Application\Example-02.Application.csproj", "{5884E3B7-9015-471D-AB1B-5441143996CB}"
EndProject
Project("{FAE04EC0-301F-11D3-BF4B-00C04F79EFBC}") = "Example-02.Core", "Example-02.Core\Example-02.Core.csproj", "{EA36DF10-BE4C-40E5-8AC3-D42508A7381B}"
EndProject
Project("{FAE04EC0-301F-11D3-BF4B-00C04F79EFBC}") = "Example-02.Common", "Example-02.Common\Example-02.Common.csproj", "{C44E53D1-383A-4626-9E2F-D3724B7EABEC}"
EndProject
Global
	GlobalSection(SolutionConfigurationPlatforms) = preSolution
		Debug|Any CPU = Debug|Any CPU
		Release|Any CPU = Release|Any CPU
	EndGlobalSection
	GlobalSection(ProjectConfigurationPlatforms) = postSolution
		{5884E3B7-9015-471D-AB1B-5441143996CB}.Debug|Any CPU.ActiveCfg = Debug|Any CPU
		{5884E3B7-9015-471D-AB1B-5441143996CB}.Debug|Any CPU.Build.0 = Debug|Any CPU
		{5884E3B7-9015-471D-AB1B-5441143996CB}.Release|Any CPU.ActiveCfg = Release|Any CPU
		{5884E3B7-9015-471D-AB1B-5441143996CB}.Release|Any CPU.Build.0 = Release|Any CPU
		{EA36DF10-BE4C-40E5-8AC3-D42508A7381B}.Debug|Any CPU.ActiveCfg = Debug|Any CPU
		{EA36DF10-BE4C-40E5-8AC3-D42508A7381B}.Debug|Any CPU.Build.0 = Debug|Any CPU
		{EA36DF10-BE4C-40E5-8AC3-D42508A7381B}.Release|Any CPU.ActiveCfg = Release|Any CPU
		{EA36DF10-BE4C-40E5-8AC3-D42508A7381B}.Release|Any CPU.Build.0 = Release|Any CPU
		{C44E53D1-383A-4626-9E2F-D3724B7EABEC}.Debug|Any CPU.ActiveCfg = Debug|Any CPU
		{C44E53D1-383A-4626-9E2F-D3724B7EABEC}.Debug|Any CPU.Build.0 = Debug|Any CPU
		{C44E53D1-383A-4626-9E2F-D3724B7EABEC}.Release|Any CPU.ActiveCfg = Release|Any CPU
		{C44E53D1-383A-4626-9E2F-D3724B7EABEC}.Release|Any CPU.Build.0 = Release|Any CPU
	EndGlobalSection
	GlobalSection(SolutionProperties) = preSolution
		HideSolutionNode = FALSE
	EndGlobalSection
	GlobalSection(ExtensibilityGlobals) = postSolution
		SolutionGuid = {60261C8D-9223-4B25-9A5F-922BBD19ECBC}
	EndGlobalSection
EndGlobal
